// !$*UTF8*$!
{
	archiveVersion = 1;
	classes = {
	};
	objectVersion = 50;
	objects = {

/* Begin PBXBuildFile section */
		84FA276E254542B600998121 /* AppDelegate.m in Sources */ = {isa = PBXBuildFile; fileRef = 84FA276D254542B600998121 /* AppDelegate.m */; };
		84FA2771254542B600998121 /* SceneDelegate.m in Sources */ = {isa = PBXBuildFile; fileRef = 84FA2770254542B600998121 /* SceneDelegate.m */; };
		84FA2774254542B600998121 /* ViewController.m in Sources */ = {isa = PBXBuildFile; fileRef = 84FA2773254542B600998121 /* ViewController.m */; };
		84FA2777254542B600998121 /* Main.storyboard in Resources */ = {isa = PBXBuildFile; fileRef = 84FA2775254542B600998121 /* Main.storyboard */; };
		84FA2779254542BA00998121 /* Assets.xcassets in Resources */ = {isa = PBXBuildFile; fileRef = 84FA2778254542BA00998121 /* Assets.xcassets */; };
		84FA277C254542BA00998121 /* LaunchScreen.storyboard in Resources */ = {isa = PBXBuildFile; fileRef = 84FA277A254542BA00998121 /* LaunchScreen.storyboard */; };
		84FA277F254542BA00998121 /* main.m in Sources */ = {isa = PBXBuildFile; fileRef = 84FA277E254542BA00998121 /* main.m */; };
/* End PBXBuildFile section */

/* Begin PBXFileReference section */
		84FA2769254542B600998121 /* ZJJSwipeLeftList.app */ = {isa = PBXFileReference; explicitFileType = wrapper.application; includeInIndex = 0; path = ZJJSwipeLeftList.app; sourceTree = BUILT_PRODUCTS_DIR; };
		84FA276C254542B600998121 /* AppDelegate.h */ = {isa = PBXFileReference; lastKnownFileType = sourcecode.c.h; path = AppDelegate.h; sourceTree = "<group>"; };
		84FA276D254542B600998121 /* AppDelegate.m */ = {isa = PBXFileReference; lastKnownFileType = sourcecode.c.objc; path = AppDelegate.m; sourceTree = "<group>"; };
		84FA276F254542B600998121 /* SceneDelegate.h */ = {isa = PBXFileReference; lastKnownFileType = sourcecode.c.h; path = SceneDelegate.h; sourceTree = "<group>"; };
		84FA2770254542B600998121 /* SceneDelegate.m */ = {isa = PBXFileReference; lastKnownFileType = sourcecode.c.objc; path = SceneDelegate.m; sourceTree = "<group>"; };
		84FA2772254542B600998121 /* ViewController.h */ = {isa = PBXFileReference; lastKnownFileType = sourcecode.c.h; path = ViewController.h; sourceTree = "<group>"; };
		84FA2773254542B600998121 /* ViewController.m */ = {isa = PBXFileReference; lastKnownFileType = sourcecode.c.objc; path = ViewController.m; sourceTree = "<group>"; };
		84FA2776254542B600998121 /* Base */ = {isa = PBXFileReference; lastKnownFileType = file.storyboard; name = Base; path = Base.lproj/Main.storyboard; sourceTree = "<group>"; };
		84FA2778254542BA00998121 /* Assets.xcassets */ = {isa = PBXFileReference; lastKnownFileType = folder.assetcatalog; path = Assets.xcassets; sourceTree = "<group>"; };
		84FA277B254542BA00998121 /* Base */ = {isa = PBXFileReference; lastKnownFileType = file.storyboard; name = Base; path = Base.lproj/LaunchScreen.storyboard; sourceTree = "<group>"; };
		84FA277D254542BA00998121 /* Info.plist */ = {isa = PBXFileReference; lastKnownFileType = text.plist.xml; path = Info.plist; sourceTree = "<group>"; };
		84FA277E254542BA00998121 /* main.m */ = {isa = PBXFileReference; lastKnownFileType = sourcecode.c.objc; path = main.m; sourceTree = "<group>"; };
/* End PBXFileReference section */

/* Begin PBXFrameworksBuildPhase section */
		84FA2766254542B600998121 /* Frameworks */ = {
			isa = PBXFrameworksBuildPhase;
			buildActionMask = 2147483647;
			files = (
			);
			runOnlyForDeploymentPostprocessing = 0;
		};
/* End PBXFrameworksBuildPhase section */

/* Begin PBXGroup section */
		84FA2760254542B600998121 = {
			isa = PBXGroup;
			children = (
				84FA276B254542B600998121 /* ZJJSwipeLeftList */,
				84FA276A254542B600998121 /* Products */,
			);
			sourceTree = "<group>";
		};
		84FA276A254542B600998121 /* Products */ = {
			isa = PBXGroup;
			children = (
				84FA2769254542B600998121 /* ZJJSwipeLeftList.app */,
			);
			name = Products;
			sourceTree = "<group>";
		};
		84FA276B254542B600998121 /* ZJJSwipeLeftList */ = {
			isa = PBXGroup;
			children = (
				84FA276C254542B600998121 /* AppDelegate.h */,
				84FA276D254542B600998121 /* AppDelegate.m */,
				84FA276F254542B600998121 /* SceneDelegate.h */,
				84FA2770254542B600998121 /* SceneDelegate.m */,
				84FA2772254542B600998121 /* ViewController.h */,
				84FA2773254542B600998121 /* ViewController.m */,
				84FA2775254542B600998121 /* Main.storyboard */,
				84FA2778254542BA00998121 /* Assets.xcassets */,
				84FA277A254542BA00998121 /* LaunchScreen.storyboard */,
				84FA277D254542BA00998121 /* Info.plist */,
				84FA277E254542BA00998121 /* main.m */,
			);
			path = ZJJSwipeLeftList;
			sourceTree = "<group>";
		};
/* End PBXGroup section */

/* Begin PBXNativeTarget section */
		84FA2768254542B600998121 /* ZJJSwipeLeftList */ = {
			isa = PBXNativeTarget;
			buildConfigurationList = 84FA2782254542BA00998121 /* Build configuration list for PBXNativeTarget "ZJJSwipeLeftList" */;
			buildPhases = (
				84FA2765254542B600998121 /* Sources */,
				84FA2766254542B600998121 /* Frameworks */,
				84FA2767254542B600998121 /* Resources */,
			);
			buildRules = (
			);
			dependencies = (
			);
			name = ZJJSwipeLeftList;
			productName = ZJJSwipeLeftList;
			productReference = 84FA2769254542B600998121 /* ZJJSwipeLeftList.app */;
			productType = "com.apple.product-type.application";
		};
/* End PBXNativeTarget section */

/* Begin PBXProject section */
		84FA2761254542B600998121 /* Project object */ = {
			isa = PBXProject;
			attributes = {
				LastUpgradeCheck = 1210;
				TargetAttributes = {
					84FA2768254542B600998121 = {
						CreatedOnToolsVersion = 12.1;
					};
				};
			};
			buildConfigurationList = 84FA2764254542B600998121 /* Build configuration list for PBXProject "ZJJSwipeLeftList" */;
			compatibilityVersion = "Xcode 9.3";
			developmentRegion = en;
			hasScannedForEncodings = 0;
			knownRegions = (
				en,
				Base,
			);
			mainGroup = 84FA2760254542B600998121;
			productRefGroup = 84FA276A254542B600998121 /* Products */;
			projectDirPath = "";
			projectRoot = "";
			targets = (
				84FA2768254542B600998121 /* ZJJSwipeLeftList */,
			);
		};
/* End PBXProject section */

/* Begin PBXResourcesBuildPhase section */
		84FA2767254542B600998121 /* Resources */ = {
			isa = PBXResourcesBuildPhase;
			buildActionMask = 2147483647;
			files = (
				84FA277C254542BA00998121 /* LaunchScreen.storyboard in Resources */,
				84FA2779254542BA00998121 /* Assets.xcassets in Resources */,
				84FA2777254542B600998121 /* Main.storyboard in Resources */,
			);
			runOnlyForDeploymentPostprocessing = 0;
		};
/* End PBXResourcesBuildPhase section */

/* Begin PBXSourcesBuildPhase section */
		84FA2765254542B600998121 /* Sources */ = {
			isa = PBXSourcesBuildPhase;
			buildActionMask = 2147483647;
			files = (
				84FA2774254542B600998121 /* ViewController.m in Sources */,
				84FA276E254542B600998121 /* AppDelegate.m in Sources */,
				84FA277F254542BA00998121 /* main.m in Sources */,
				84FA2771254542B600998121 /* SceneDelegate.m in Sources */,
			);
			runOnlyForDeploymentPostprocessing = 0;
		};
/* End PBXSourcesBuildPhase section */

/* Begin PBXVariantGroup section */
		84FA2775254542B600998121 /* Main.storyboard */ = {
			isa = PBXVariantGroup;
			children = (
				84FA2776254542B600998121 /* Base */,
			);
			name = Main.storyboard;
			sourceTree = "<group>";
		};
		84FA277A254542BA00998121 /* LaunchScreen.storyboard */ = {
			isa = PBXVariantGroup;
			children = (
				84FA277B254542BA00998121 /* Base */,
			);
			name = LaunchScreen.storyboard;
			sourceTree = "<group>";
		};
/* End PBXVariantGroup section */

/* Begin XCBuildConfiguration section */
		84FA2780254542BA00998121 /* Debug */ = {
			isa = XCBuildConfiguration;
			buildSettings = {
				ALWAYS_SEARCH_USER_PATHS = NO;
				CLANG_ANALYZER_NONNULL = YES;
				CLANG_ANALYZER_NUMBER_OBJECT_CONVERSION = YES_AGGRESSIVE;
				CLANG_CXX_LANGUAGE_STANDARD = "gnu++14";
				CLANG_CXX_LIBRARY = "libc++";
				CLANG_ENABLE_MODULES = YES;
				CLANG_ENABLE_OBJC_ARC = YES;
				CLANG_ENABLE_OBJC_WEAK = YES;
				CLANG_WARN_BLOCK_CAPTURE_AUTORELEASING = YES;
				CLANG_WARN_BOOL_CONVERSION = YES;
				CLANG_WARN_COMMA = YES;
				CLANG_WARN_CONSTANT_CONVERSION = YES;
				CLANG_WARN_DEPRECATED_OBJC_IMPLEMENTATIONS = YES;
				CLANG_WARN_DIRECT_OBJC_ISA_USAGE = YES_ERROR;
				CLANG_WARN_DOCUMENTATION_COMMENTS = YES;
				CLANG_WARN_EMPTY_BODY = YES;
				CLANG_WARN_ENUM_CONVERSION = YES;
				CLANG_WARN_INFINITE_RECURSION = YES;
				CLANG_WARN_INT_CONVERSION = YES;
				CLANG_WARN_NON_LITERAL_NULL_CONVERSION = YES;
				CLANG_WARN_OBJC_IMPLICIT_RETAIN_SELF = YES;
				CLANG_WARN_OBJC_LITERAL_CONVERSION = YES;
				CLANG_WARN_OBJC_ROOT_CLASS = YES_ERROR;
				CLANG_WARN_QUOTED_INCLUDE_IN_FRAMEWORK_HEADER = YES;
				CLANG_WARN_RANGE_LOOP_ANALYSIS = YES;
				CLANG_WARN_STRICT_PROTOTYPES = YES;
				CLANG_WARN_SUSPICIOUS_MOVE = YES;
				CLANG_WARN_UNGUARDED_AVAILABILITY = YES_AGGRESSIVE;
				CLANG_WARN_UNREACHABLE_CODE = YES;
				CLANG_WARN__DUPLICATE_METHOD_MATCH = YES;
				COPY_PHASE_STRIP = NO;
				DEBUG_INFORMATION_FORMAT = dwarf;
				ENABLE_STRICT_OBJC_MSGSEND = YES;
				ENABLE_TESTABILITY = YES;
				GCC_C_LANGUAGE_STANDARD = gnu11;
				GCC_DYNAMIC_NO_PIC = NO;
				GCC_NO_COMMON_BLOCKS = YES;
				GCC_OPTIMIZATION_LEVEL = 0;
				GCC_PREPROCESSOR_DEFINITIONS = (
					"DEBUG=1",
					"$(inherited)",
				);
				GCC_WARN_64_TO_32_BIT_CONVERSION = YES;
				GCC_WARN_ABOUT_RETURN_TYPE = YES_ERROR;
				GCC_WARN_UNDECLARED_SELECTOR = YES;
				GCC_WARN_UNINITIALIZED_AUTOS = YES_AGGRESSIVE;
				GCC_WARN_UNUSED_FUNCTION = YES;
				GCC_WARN_UNUSED_VARIABLE = YES;
				IPHONEOS_DEPLOYMENT_TARGET = 14.1;
				MTL_ENABLE_DEBUG_INFO = INCLUDE_SOURCE;
				MTL_FAST_MATH = YES;
				ONLY_ACTIVE_ARCH = YES;
				SDKROOT = iphoneos;
			};
			name = Debug;
		};
		84FA2781254542BA00998121 /* Release */ = {
			isa = XCBuildConfiguration;
			buildSettings = {
				ALWAYS_SEARCH_USER_PATHS = NO;
				CLANG_ANALYZER_NONNULL = YES;
				CLANG_ANALYZER_NUMBER_OBJECT_CONVERSION = YES_AGGRESSIVE;
				CLANG_CXX_LANGUAGE_STANDARD = "gnu++14";
				CLANG_CXX_LIBRARY = "libc++";
				CLANG_ENABLE_MODULES = YES;
				CLANG_ENABLE_OBJC_ARC = YES;
				CLANG_ENABLE_OBJC_WEAK = YES;
				CLANG_WARN_BLOCK_CAPTURE_AUTORELEASING = YES;
				CLANG_WARN_BOOL_CONVERSION = YES;
				CLANG_WARN_COMMA = YES;
				CLANG_WARN_CONSTANT_CONVERSION = YES;
				CLANG_WARN_DEPRECATED_OBJC_IMPLEMENTATIONS = YES;
				CLANG_WARN_DIRECT_OBJC_ISA_USAGE = YES_ERROR;
				CLANG_WARN_DOCUMENTATION_COMMENTS = YES;
				CLANG_WARN_EMPTY_BODY = YES;
				CLANG_WARN_ENUM_CONVERSION = YES;
				CLANG_WARN_INFINITE_RECURSION = YES;
				CLANG_WARN_INT_CONVERSION = YES;
				CLANG_WARN_NON_LITERAL_NULL_CONVERSION = YES;
				CLANG_WARN_OBJC_IMPLICIT_RETAIN_SELF = YES;
				CLANG_WARN_OBJC_LITERAL_CONVERSION = YES;
				CLANG_WARN_OBJC_ROOT_CLASS = YES_ERROR;
				CLANG_WARN_QUOTED_INCLUDE_IN_FRAMEWORK_HEADER = YES;
				CLANG_WARN_RANGE_LOOP_ANALYSIS = YES;
				CLANG_WARN_STRICT_PROTOTYPES = YES;
				CLANG_WARN_SUSPICIOUS_MOVE = YES;
				CLANG_WARN_UNGUARDED_AVAILABILITY = YES_AGGRESSIVE;
				CLANG_WARN_UNREACHABLE_CODE = YES;
				CLANG_WARN__DUPLICATE_METHOD_MATCH = YES;
				COPY_PHASE_STRIP = NO;
				DEBUG_INFORMATION_FORMAT = "dwarf-with-dsym";
				ENABLE_NS_ASSERTIONS = NO;
				ENABLE_STRICT_OBJC_MSGSEND = YES;
				GCC_C_LANGUAGE_STANDARD = gnu11;
				GCC_NO_COMMON_BLOCKS = YES;
				GCC_WARN_64_TO_32_BIT_CONVERSION = YES;
				GCC_WARN_ABOUT_RETURN_TYPE = YES_ERROR;
				GCC_WARN_UNDECLARED_SELECTOR = YES;
				GCC_WARN_UNINITIALIZED_AUTOS = YES_AGGRESSIVE;
				GCC_WARN_UNUSED_FUNCTION = YES;
				GCC_WARN_UNUSED_VARIABLE = YES;
				IPHONEOS_DEPLOYMENT_TARGET = 14.1;
				MTL_ENABLE_DEBUG_INFO = NO;
				MTL_FAST_MATH = YES;
				SDKROOT = iphoneos;
				VALIDATE_PRODUCT = YES;
			};
			name = Release;
		};
		84FA2783254542BA00998121 /* Debug */ = {
			isa = XCBuildConfiguration;
			buildSettings = {
				ASSETCATALOG_COMPILER_APPICON_NAME = AppIcon;
				ASSETCATALOG_COMPILER_GLOBAL_ACCENT_COLOR_NAME = AccentColor;
				CODE_SIGN_STYLE = Automatic;
				INFOPLIST_FILE = ZJJSwipeLeftList/Info.plist;
				LD_RUNPATH_SEARCH_PATHS = (
					"$(inherited)",
					"@executable_path/Frameworks",
				);
				PRODUCT_BUNDLE_IDENTIFIER = com.ZJJSwipeLeftList;
				PRODUCT_NAME = "$(TARGET_NAME)";
				TARGETED_DEVICE_FAMILY = "1,2";
			};
			name = Debug;
		};
		84FA2784254542BA00998121 /* Release */ = {
			isa = XCBuildConfiguration;
			buildSettings = {
				ASSETCATALOG_COMPILER_APPICON_NAME = AppIcon;
				ASSETCATALOG_COMPILER_GLOBAL_ACCENT_COLOR_NAME = AccentColor;
				CODE_SIGN_STYLE = Automatic;
				INFOPLIST_FILE = ZJJSwipeLeftList/Info.plist;
				LD_RUNPATH_SEARCH_PATHS = (
					"$(inherited)",
					"@executable_path/Frameworks",
				);
				PRODUCT_BUNDLE_IDENTIFIER = com.ZJJSwipeLeftList;
				PRODUCT_NAME = "$(TARGET_NAME)";
				TARGETED_DEVICE_FAMILY = "1,2";
			};
			name = Release;
		};
/* End XCBuildConfiguration section */

/* Begin XCConfigurationList section */
		84FA2764254542B600998121 /* Build configuration list for PBXProject "ZJJSwipeLeftList" */ = {
			isa = XCConfigurationList;
			buildConfigurations = (
				84FA2780254542BA00998121 /* Debug */,
				84FA2781254542BA00998121 /* Release */,
			);
			defaultConfigurationIsVisible = 0;
			defaultConfigurationName = Release;
		};
		84FA2782254542BA00998121 /* Build configuration list for PBXNativeTarget "ZJJSwipeLeftList" */ = {
			isa = XCConfigurationList;
			buildConfigurations = (
				84FA2783254542BA00998121 /* Debug */,
				84FA2784254542BA00998121 /* Release */,
			);
			defaultConfigurationIsVisible = 0;
			defaultConfigurationName = Release;
		};
/* End XCConfigurationList section */
	};
	rootObject = 84FA2761254542B600998121 /* Project object */;
}
